
Microsoft Visual Studio Solution File, Format Version 12.00
# Visual Studio Version 17
VisualStudioVersion = 17.10.34804.81
MinimumVisualStudioVersion = 10.0.40219.1
Project("{9A19103F-16F7-4668-BE54-9A1E7A4F7556}") = "BSDSalzburg2024.WebUI", "BSDSalzburg2024.WebUI\BSDSalzburg2024.WebUI.csproj", "{8449F635-BA99-40C6-86D7-DB42A04062DA}"
EndProject
Project("{9A19103F-16F7-4668-BE54-9A1E7A4F7556}") = "BSDSalzburg2024.Data", "BSDSalzburg2024.Data\BSDSalzburg2024.Data.csproj", "{E3E68BB4-726D-45E9-A25F-95FA2FDFA207}"
EndProject
Project("{9A19103F-16F7-4668-BE54-9A1E7A4F7556}") = "BSDSalzburg2024.Application", "BSDSalzburg2024.Application\BSDSalzburg2024.Application.csproj", "{23AF1F4A-C784-4F63-960B-36009078F8EA}"
EndProject
Project("{FAE04EC0-301F-11D3-BF4B-00C04F79EFBC}") = "BSDSalzburg2024.WebUI.New", "BSDSalzburg2024.WebUI.New\BSDSalzburg2024.WebUI.New.csproj", "{357197E1-EFA3-4E87-9B2A-59DDEDCED112}"
	ProjectSection(ProjectDependencies) = postProject
		{23AF1F4A-C784-4F63-960B-36009078F8EA} = {23AF1F4A-C784-4F63-960B-36009078F8EA}
	EndProjectSection
EndProject
Global
	GlobalSection(SolutionConfigurationPlatforms) = preSolution
		Debug|Any CPU = Debug|Any CPU
		Release|Any CPU = Release|Any CPU
	EndGlobalSection
	GlobalSection(ProjectConfigurationPlatforms) = postSolution
		{8449F635-BA99-40C6-86D7-DB42A04062DA}.Debug|Any CPU.ActiveCfg = Debug|Any CPU
		{8449F635-BA99-40C6-86D7-DB42A04062DA}.Debug|Any CPU.Build.0 = Debug|Any CPU
		{8449F635-BA99-40C6-86D7-DB42A04062DA}.Release|Any CPU.ActiveCfg = Release|Any CPU
		{8449F635-BA99-40C6-86D7-DB42A04062DA}.Release|Any CPU.Build.0 = Release|Any CPU
		{E3E68BB4-726D-45E9-A25F-95FA2FDFA207}.Debug|Any CPU.ActiveCfg = Debug|Any CPU
		{E3E68BB4-726D-45E9-A25F-95FA2FDFA207}.Debug|Any CPU.Build.0 = Debug|Any CPU
		{E3E68BB4-726D-45E9-A25F-95FA2FDFA207}.Release|Any CPU.ActiveCfg = Release|Any CPU
		{E3E68BB4-726D-45E9-A25F-95FA2FDFA207}.Release|Any CPU.Build.0 = Release|Any CPU
		{23AF1F4A-C784-4F63-960B-36009078F8EA}.Debug|Any CPU.ActiveCfg = Debug|Any CPU
		{23AF1F4A-C784-4F63-960B-36009078F8EA}.Debug|Any CPU.Build.0 = Debug|Any CPU
		{23AF1F4A-C784-4F63-960B-36009078F8EA}.Release|Any CPU.ActiveCfg = Release|Any CPU
		{23AF1F4A-C784-4F63-960B-36009078F8EA}.Release|Any CPU.Build.0 = Release|Any CPU
		{357197E1-EFA3-4E87-9B2A-59DDEDCED112}.Debug|Any CPU.ActiveCfg = Debug|Any CPU
		{357197E1-EFA3-4E87-9B2A-59DDEDCED112}.Debug|Any CPU.Build.0 = Debug|Any CPU
		{357197E1-EFA3-4E87-9B2A-59DDEDCED112}.Release|Any CPU.ActiveCfg = Release|Any CPU
		{357197E1-EFA3-4E87-9B2A-59DDEDCED112}.Release|Any CPU.Build.0 = Release|Any CPU
	EndGlobalSection
	GlobalSection(SolutionProperties) = preSolution
		HideSolutionNode = FALSE
	EndGlobalSection
	GlobalSection(ExtensibilityGlobals) = postSolution
		SolutionGuid = {A396EE60-D585-4B5C-9883-96B017497C71}
	EndGlobalSection
EndGlobal
