<Solution>
  <Project Path="BSDSalzburg2024.Application.Requests/BSDSalzburg2024.Application.Requests.csproj" />
  <Project Path="BSDSalzburg2024.Application/BSDSalzburg2024.Application.csproj" />
  <Project Path="BSDSalzburg2024.Data/BSDSalzburg2024.Data.csproj" />
  <Project Path="BSDSalzburg2024/BSDSalzburg2024.csproj" />
</Solution>
